// !$*UTF8*$!
{
	archiveVersion = 1;
	classes = {
	};
	objectVersion = 55;
	objects = {

/* Begin PBXBuildFile section */
		350776965808105772787798 /* Pods_AssessmentApp.framework in Frameworks */ = {isa = PBXBuildFile; fileRef = E4EF3ACC1E5508C83C9CE681 /* Pods_AssessmentApp.framework */; };
		3517872229035C8F00979C91 /* ProductsView.swift in Sources */ = {isa = PBXBuildFile; fileRef = 3517872129035C8F00979C91 /* ProductsView.swift */; };
		3517872429035CC300979C91 /* Products.storyboard in Resources */ = {isa = PBXBuildFile; fileRef = 3517872329035CC300979C91 /* Products.storyboard */; };
		3517872729035D2C00979C91 /* ProductsTableViewCell.swift in Sources */ = {isa = PBXBuildFile; fileRef = 3517872529035D2C00979C91 /* ProductsTableViewCell.swift */; };
		3517872829035D2C00979C91 /* ProductsTableViewCell.xib in Resources */ = {isa = PBXBuildFile; fileRef = 3517872629035D2C00979C91 /* ProductsTableViewCell.xib */; };
		3517872A29035D5B00979C91 /* ProductsViewModel.swift in Sources */ = {isa = PBXBuildFile; fileRef = 3517872929035D5B00979C91 /* ProductsViewModel.swift */; };
		3517872C29035D8700979C91 /* ProductsModel.swift in Sources */ = {isa = PBXBuildFile; fileRef = 3517872B29035D8700979C91 /* ProductsModel.swift */; };
		3517873029036C5C00979C91 /* APIService.swift in Sources */ = {isa = PBXBuildFile; fileRef = 3517872F29036C5C00979C91 /* APIService.swift */; };
		3517873329036D1600979C91 /* NConstants.swift in Sources */ = {isa = PBXBuildFile; fileRef = 3517873229036D1600979C91 /* NConstants.swift */; };
		351787352903709F00979C91 /* BaseErrorModel.swift in Sources */ = {isa = PBXBuildFile; fileRef = 351787342903709F00979C91 /* BaseErrorModel.swift */; };
		351787382903769600979C91 /* UIViewController + Extension.swift in Sources */ = {isa = PBXBuildFile; fileRef = 351787372903769600979C91 /* UIViewController + Extension.swift */; };
		358F4B5A290405A6006EA743 /* ProductDetailsView.swift in Sources */ = {isa = PBXBuildFile; fileRef = 358F4B59290405A6006EA743 /* ProductDetailsView.swift */; };
		358F4B5C290405BE006EA743 /* ProductDetailsViewModel.swift in Sources */ = {isa = PBXBuildFile; fileRef = 358F4B5B290405BE006EA743 /* ProductDetailsViewModel.swift */; };
		35F84233290426B300A6FAFA /* NetworkStatus.swift in Sources */ = {isa = PBXBuildFile; fileRef = 35F84232290426B300A6FAFA /* NetworkStatus.swift */; };
		4703EDBE47677FDC1A575D51 /* Pods_AssessmentApp_AssessmentAppUITests.framework in Frameworks */ = {isa = PBXBuildFile; fileRef = 33BA7BBC8BC25E428CABDD94 /* Pods_AssessmentApp_AssessmentAppUITests.framework */; };
		8EB5CCB927988A0700396097 /* AppDelegate.swift in Sources */ = {isa = PBXBuildFile; fileRef = 8EB5CCB827988A0700396097 /* AppDelegate.swift */; };
		8EB5CCBB27988A0700396097 /* SceneDelegate.swift in Sources */ = {isa = PBXBuildFile; fileRef = 8EB5CCBA27988A0700396097 /* SceneDelegate.swift */; };
		8EB5CCC327988A0700396097 /* AssessmentApp.xcdatamodeld in Sources */ = {isa = PBXBuildFile; fileRef = 8EB5CCC127988A0700396097 /* AssessmentApp.xcdatamodeld */; };
		8EB5CCC527988A0900396097 /* Assets.xcassets in Resources */ = {isa = PBXBuildFile; fileRef = 8EB5CCC427988A0900396097 /* Assets.xcassets */; };
		8EB5CCC827988A0900396097 /* LaunchScreen.storyboard in Resources */ = {isa = PBXBuildFile; fileRef = 8EB5CCC627988A0900396097 /* LaunchScreen.storyboard */; };
		8EB5CCD327988A0900396097 /* AssessmentAppTests.swift in Sources */ = {isa = PBXBuildFile; fileRef = 8EB5CCD227988A0900396097 /* AssessmentAppTests.swift */; };
		8EB5CCDD27988A0900396097 /* AssessmentAppUITests.swift in Sources */ = {isa = PBXBuildFile; fileRef = 8EB5CCDC27988A0900396097 /* AssessmentAppUITests.swift */; };
		8EB5CCDF27988A0900396097 /* AssessmentAppUITestsLaunchTests.swift in Sources */ = {isa = PBXBuildFile; fileRef = 8EB5CCDE27988A0900396097 /* AssessmentAppUITestsLaunchTests.swift */; };
		8EB5CCED27988A6000396097 /* NetworkServiceMock.swift in Sources */ = {isa = PBXBuildFile; fileRef = 8EB5CCEC27988A6000396097 /* NetworkServiceMock.swift */; };
		8EB5CCF127988A8100396097 /* ShoppingBasket.swift in Sources */ = {isa = PBXBuildFile; fileRef = 8EB5CCEF27988A8100396097 /* ShoppingBasket.swift */; };
		8EB5CCF227988A8100396097 /* Product.swift in Sources */ = {isa = PBXBuildFile; fileRef = 8EB5CCF027988A8100396097 /* Product.swift */; };
		8EB5CCF427988AE100396097 /* DemoData.swift in Sources */ = {isa = PBXBuildFile; fileRef = 8EB5CCF327988AE100396097 /* DemoData.swift */; };
		8EB5CCF727988DB000396097 /* MainController.swift in Sources */ = {isa = PBXBuildFile; fileRef = 8EB5CCF627988DB000396097 /* MainController.swift */; };
		8EB5CCFB27988DF400396097 /* DetailController.swift in Sources */ = {isa = PBXBuildFile; fileRef = 8EB5CCFA27988DF400396097 /* DetailController.swift */; };
		E2D6B552F1F73A71EEF0EF89 /* Pods_AssessmentAppTests.framework in Frameworks */ = {isa = PBXBuildFile; fileRef = 3B35D17110B3FDD9D8016F3F /* Pods_AssessmentAppTests.framework */; };
/* End PBXBuildFile section */

/* Begin PBXContainerItemProxy section */
		8EB5CCCF27988A0900396097 /* PBXContainerItemProxy */ = {
			isa = PBXContainerItemProxy;
			containerPortal = 8EB5CCAD27988A0700396097 /* Project object */;
			proxyType = 1;
			remoteGlobalIDString = 8EB5CCB427988A0700396097;
			remoteInfo = AssessmentApp;
		};
		8EB5CCD927988A0900396097 /* PBXContainerItemProxy */ = {
			isa = PBXContainerItemProxy;
			containerPortal = 8EB5CCAD27988A0700396097 /* Project object */;
			proxyType = 1;
			remoteGlobalIDString = 8EB5CCB427988A0700396097;
			remoteInfo = AssessmentApp;
		};
/* End PBXContainerItemProxy section */

/* Begin PBXFileReference section */
		21724A7E5C95B6F5C3649D31 /* Pods-AssessmentApp-AssessmentAppUITests.debug.xcconfig */ = {isa = PBXFileReference; includeInIndex = 1; lastKnownFileType = text.xcconfig; name = "Pods-AssessmentApp-AssessmentAppUITests.debug.xcconfig"; path = "Target Support Files/Pods-AssessmentApp-AssessmentAppUITests/Pods-AssessmentApp-AssessmentAppUITests.debug.xcconfig"; sourceTree = "<group>"; };
		330B0E3D7B33EFC5ECBE4BE9 /* Pods-AssessmentApp.debug.xcconfig */ = {isa = PBXFileReference; includeInIndex = 1; lastKnownFileType = text.xcconfig; name = "Pods-AssessmentApp.debug.xcconfig"; path = "Target Support Files/Pods-AssessmentApp/Pods-AssessmentApp.debug.xcconfig"; sourceTree = "<group>"; };
		33BA7BBC8BC25E428CABDD94 /* Pods_AssessmentApp_AssessmentAppUITests.framework */ = {isa = PBXFileReference; explicitFileType = wrapper.framework; includeInIndex = 0; path = Pods_AssessmentApp_AssessmentAppUITests.framework; sourceTree = BUILT_PRODUCTS_DIR; };
		3517872129035C8F00979C91 /* ProductsView.swift */ = {isa = PBXFileReference; lastKnownFileType = sourcecode.swift; path = ProductsView.swift; sourceTree = "<group>"; };
		3517872329035CC300979C91 /* Products.storyboard */ = {isa = PBXFileReference; fileEncoding = 4; lastKnownFileType = file.storyboard; path = Products.storyboard; sourceTree = "<group>"; };
		3517872529035D2C00979C91 /* ProductsTableViewCell.swift */ = {isa = PBXFileReference; lastKnownFileType = sourcecode.swift; path = ProductsTableViewCell.swift; sourceTree = "<group>"; };
		3517872629035D2C00979C91 /* ProductsTableViewCell.xib */ = {isa = PBXFileReference; lastKnownFileType = file.xib; path = ProductsTableViewCell.xib; sourceTree = "<group>"; };
		3517872929035D5B00979C91 /* ProductsViewModel.swift */ = {isa = PBXFileReference; lastKnownFileType = sourcecode.swift; path = ProductsViewModel.swift; sourceTree = "<group>"; };
		3517872B29035D8700979C91 /* ProductsModel.swift */ = {isa = PBXFileReference; lastKnownFileType = sourcecode.swift; path = ProductsModel.swift; sourceTree = "<group>"; };
		3517872F29036C5C00979C91 /* APIService.swift */ = {isa = PBXFileReference; lastKnownFileType = sourcecode.swift; path = APIService.swift; sourceTree = "<group>"; };
		3517873229036D1600979C91 /* NConstants.swift */ = {isa = PBXFileReference; lastKnownFileType = sourcecode.swift; path = NConstants.swift; sourceTree = "<group>"; };
		351787342903709F00979C91 /* BaseErrorModel.swift */ = {isa = PBXFileReference; lastKnownFileType = sourcecode.swift; path = BaseErrorModel.swift; sourceTree = "<group>"; };
		351787372903769600979C91 /* UIViewController + Extension.swift */ = {isa = PBXFileReference; lastKnownFileType = sourcecode.swift; path = "UIViewController + Extension.swift"; sourceTree = "<group>"; };
		358F4B59290405A6006EA743 /* ProductDetailsView.swift */ = {isa = PBXFileReference; lastKnownFileType = sourcecode.swift; path = ProductDetailsView.swift; sourceTree = "<group>"; };
		358F4B5B290405BE006EA743 /* ProductDetailsViewModel.swift */ = {isa = PBXFileReference; lastKnownFileType = sourcecode.swift; path = ProductDetailsViewModel.swift; sourceTree = "<group>"; };
		35F84232290426B300A6FAFA /* NetworkStatus.swift */ = {isa = PBXFileReference; lastKnownFileType = sourcecode.swift; path = NetworkStatus.swift; sourceTree = "<group>"; };
		3B35D17110B3FDD9D8016F3F /* Pods_AssessmentAppTests.framework */ = {isa = PBXFileReference; explicitFileType = wrapper.framework; includeInIndex = 0; path = Pods_AssessmentAppTests.framework; sourceTree = BUILT_PRODUCTS_DIR; };
		52363F1678D3B98E66EA4D4D /* Pods-AssessmentApp.release.xcconfig */ = {isa = PBXFileReference; includeInIndex = 1; lastKnownFileType = text.xcconfig; name = "Pods-AssessmentApp.release.xcconfig"; path = "Target Support Files/Pods-AssessmentApp/Pods-AssessmentApp.release.xcconfig"; sourceTree = "<group>"; };
		8EB5CCB527988A0700396097 /* AssessmentApp.app */ = {isa = PBXFileReference; explicitFileType = wrapper.application; includeInIndex = 0; path = AssessmentApp.app; sourceTree = BUILT_PRODUCTS_DIR; };
		8EB5CCB827988A0700396097 /* AppDelegate.swift */ = {isa = PBXFileReference; lastKnownFileType = sourcecode.swift; path = AppDelegate.swift; sourceTree = "<group>"; };
		8EB5CCBA27988A0700396097 /* SceneDelegate.swift */ = {isa = PBXFileReference; lastKnownFileType = sourcecode.swift; path = SceneDelegate.swift; sourceTree = "<group>"; };
		8EB5CCC227988A0700396097 /* AssessmentApp.xcdatamodel */ = {isa = PBXFileReference; lastKnownFileType = wrapper.xcdatamodel; path = AssessmentApp.xcdatamodel; sourceTree = "<group>"; };
		8EB5CCC427988A0900396097 /* Assets.xcassets */ = {isa = PBXFileReference; lastKnownFileType = folder.assetcatalog; path = Assets.xcassets; sourceTree = "<group>"; };
		8EB5CCC727988A0900396097 /* Base */ = {isa = PBXFileReference; lastKnownFileType = file.storyboard; name = Base; path = Base.lproj/LaunchScreen.storyboard; sourceTree = "<group>"; };
		8EB5CCC927988A0900396097 /* Info.plist */ = {isa = PBXFileReference; lastKnownFileType = text.plist.xml; path = Info.plist; sourceTree = "<group>"; };
		8EB5CCCE27988A0900396097 /* AssessmentAppTests.xctest */ = {isa = PBXFileReference; explicitFileType = wrapper.cfbundle; includeInIndex = 0; path = AssessmentAppTests.xctest; sourceTree = BUILT_PRODUCTS_DIR; };
		8EB5CCD227988A0900396097 /* AssessmentAppTests.swift */ = {isa = PBXFileReference; lastKnownFileType = sourcecode.swift; path = AssessmentAppTests.swift; sourceTree = "<group>"; };
		8EB5CCD827988A0900396097 /* AssessmentAppUITests.xctest */ = {isa = PBXFileReference; explicitFileType = wrapper.cfbundle; includeInIndex = 0; path = AssessmentAppUITests.xctest; sourceTree = BUILT_PRODUCTS_DIR; };
		8EB5CCDC27988A0900396097 /* AssessmentAppUITests.swift */ = {isa = PBXFileReference; lastKnownFileType = sourcecode.swift; path = AssessmentAppUITests.swift; sourceTree = "<group>"; };
		8EB5CCDE27988A0900396097 /* AssessmentAppUITestsLaunchTests.swift */ = {isa = PBXFileReference; lastKnownFileType = sourcecode.swift; path = AssessmentAppUITestsLaunchTests.swift; sourceTree = "<group>"; };
		8EB5CCEC27988A6000396097 /* NetworkServiceMock.swift */ = {isa = PBXFileReference; lastKnownFileType = sourcecode.swift; path = NetworkServiceMock.swift; sourceTree = "<group>"; };
		8EB5CCEF27988A8100396097 /* ShoppingBasket.swift */ = {isa = PBXFileReference; fileEncoding = 4; lastKnownFileType = sourcecode.swift; path = ShoppingBasket.swift; sourceTree = "<group>"; };
		8EB5CCF027988A8100396097 /* Product.swift */ = {isa = PBXFileReference; fileEncoding = 4; lastKnownFileType = sourcecode.swift; path = Product.swift; sourceTree = "<group>"; };
		8EB5CCF327988AE100396097 /* DemoData.swift */ = {isa = PBXFileReference; lastKnownFileType = sourcecode.swift; path = DemoData.swift; sourceTree = "<group>"; };
		8EB5CCF627988DB000396097 /* MainController.swift */ = {isa = PBXFileReference; lastKnownFileType = sourcecode.swift; path = MainController.swift; sourceTree = "<group>"; };
		8EB5CCFA27988DF400396097 /* DetailController.swift */ = {isa = PBXFileReference; lastKnownFileType = sourcecode.swift; path = DetailController.swift; sourceTree = "<group>"; };
		CBEA6051600537607C46FE5D /* Pods-AssessmentApp-AssessmentAppUITests.release.xcconfig */ = {isa = PBXFileReference; includeInIndex = 1; lastKnownFileType = text.xcconfig; name = "Pods-AssessmentApp-AssessmentAppUITests.release.xcconfig"; path = "Target Support Files/Pods-AssessmentApp-AssessmentAppUITests/Pods-AssessmentApp-AssessmentAppUITests.release.xcconfig"; sourceTree = "<group>"; };
		E4EF3ACC1E5508C83C9CE681 /* Pods_AssessmentApp.framework */ = {isa = PBXFileReference; explicitFileType = wrapper.framework; includeInIndex = 0; path = Pods_AssessmentApp.framework; sourceTree = BUILT_PRODUCTS_DIR; };
		F80290DB2E63CFDB421EA484 /* Pods-AssessmentAppTests.debug.xcconfig */ = {isa = PBXFileReference; includeInIndex = 1; lastKnownFileType = text.xcconfig; name = "Pods-AssessmentAppTests.debug.xcconfig"; path = "Target Support Files/Pods-AssessmentAppTests/Pods-AssessmentAppTests.debug.xcconfig"; sourceTree = "<group>"; };
		F8B3EFEC8C2B5F60BBC35A46 /* Pods-AssessmentAppTests.release.xcconfig */ = {isa = PBXFileReference; includeInIndex = 1; lastKnownFileType = text.xcconfig; name = "Pods-AssessmentAppTests.release.xcconfig"; path = "Target Support Files/Pods-AssessmentAppTests/Pods-AssessmentAppTests.release.xcconfig"; sourceTree = "<group>"; };
/* End PBXFileReference section */

/* Begin PBXFrameworksBuildPhase section */
		8EB5CCB227988A0700396097 /* Frameworks */ = {
			isa = PBXFrameworksBuildPhase;
			buildActionMask = 2147483647;
			files = (
				350776965808105772787798 /* Pods_AssessmentApp.framework in Frameworks */,
			);
			runOnlyForDeploymentPostprocessing = 0;
		};
		8EB5CCCB27988A0900396097 /* Frameworks */ = {
			isa = PBXFrameworksBuildPhase;
			buildActionMask = 2147483647;
			files = (
				E2D6B552F1F73A71EEF0EF89 /* Pods_AssessmentAppTests.framework in Frameworks */,
			);
			runOnlyForDeploymentPostprocessing = 0;
		};
		8EB5CCD527988A0900396097 /* Frameworks */ = {
			isa = PBXFrameworksBuildPhase;
			buildActionMask = 2147483647;
			files = (
				4703EDBE47677FDC1A575D51 /* Pods_AssessmentApp_AssessmentAppUITests.framework in Frameworks */,
			);
			runOnlyForDeploymentPostprocessing = 0;
		};
/* End PBXFrameworksBuildPhase section */

/* Begin PBXGroup section */
		22C34D7F2B7472A74EC3DEFF /* Pods */ = {
			isa = PBXGroup;
			children = (
				330B0E3D7B33EFC5ECBE4BE9 /* Pods-AssessmentApp.debug.xcconfig */,
				52363F1678D3B98E66EA4D4D /* Pods-AssessmentApp.release.xcconfig */,
				21724A7E5C95B6F5C3649D31 /* Pods-AssessmentApp-AssessmentAppUITests.debug.xcconfig */,
				CBEA6051600537607C46FE5D /* Pods-AssessmentApp-AssessmentAppUITests.release.xcconfig */,
				F80290DB2E63CFDB421EA484 /* Pods-AssessmentAppTests.debug.xcconfig */,
				F8B3EFEC8C2B5F60BBC35A46 /* Pods-AssessmentAppTests.release.xcconfig */,
			);
			path = Pods;
			sourceTree = "<group>";
		};
		2C2F3AAA52CA1F18F0E78B34 /* Frameworks */ = {
			isa = PBXGroup;
			children = (
				E4EF3ACC1E5508C83C9CE681 /* Pods_AssessmentApp.framework */,
				33BA7BBC8BC25E428CABDD94 /* Pods_AssessmentApp_AssessmentAppUITests.framework */,
				3B35D17110B3FDD9D8016F3F /* Pods_AssessmentAppTests.framework */,
			);
			name = Frameworks;
			sourceTree = "<group>";
		};
		3517871A29035B4200979C91 /* Products */ = {
			isa = PBXGroup;
			children = (
				3517871E29035BB400979C91 /* View */,
				3517871D29035BAA00979C91 /* ViewModel */,
				3517871C29035B9000979C91 /* Model */,
			);
			path = Products;
			sourceTree = "<group>";
		};
		3517871B29035B4F00979C91 /* ProductDetails */ = {
			isa = PBXGroup;
			children = (
				358F4B5829040481006EA743 /* View */,
				358F4B5729040472006EA743 /* ViewModel */,
				358F4B562904046B006EA743 /* Model */,
			);
			path = ProductDetails;
			sourceTree = "<group>";
		};
		3517871C29035B9000979C91 /* Model */ = {
			isa = PBXGroup;
			children = (
				3517872B29035D8700979C91 /* ProductsModel.swift */,
				351787342903709F00979C91 /* BaseErrorModel.swift */,
			);
			path = Model;
			sourceTree = "<group>";
		};
		3517871D29035BAA00979C91 /* ViewModel */ = {
			isa = PBXGroup;
			children = (
				3517872929035D5B00979C91 /* ProductsViewModel.swift */,
			);
			path = ViewModel;
			sourceTree = "<group>";
		};
		3517871E29035BB400979C91 /* View */ = {
			isa = PBXGroup;
			children = (
				3517871F29035C2A00979C91 /* Controller + Storyboard */,
				3517872029035C4D00979C91 /* Cell */,
			);
			path = View;
			sourceTree = "<group>";
		};
		3517871F29035C2A00979C91 /* Controller + Storyboard */ = {
			isa = PBXGroup;
			children = (
				3517872129035C8F00979C91 /* ProductsView.swift */,
				3517872329035CC300979C91 /* Products.storyboard */,
			);
			path = "Controller + Storyboard";
			sourceTree = "<group>";
		};
		3517872029035C4D00979C91 /* Cell */ = {
			isa = PBXGroup;
			children = (
				3517872529035D2C00979C91 /* ProductsTableViewCell.swift */,
				3517872629035D2C00979C91 /* ProductsTableViewCell.xib */,
			);
			path = Cell;
			sourceTree = "<group>";
		};
		3517872D29036C2300979C91 /* Helpers */ = {
			isa = PBXGroup;
			children = (
				351787362903766D00979C91 /* Extensions */,
				3517873129036CF300979C91 /* Constants */,
				3517872E29036C4000979C91 /* Network */,
			);
			path = Helpers;
			sourceTree = "<group>";
		};
		3517872E29036C4000979C91 /* Network */ = {
			isa = PBXGroup;
			children = (
				3517872F29036C5C00979C91 /* APIService.swift */,
				35F84232290426B300A6FAFA /* NetworkStatus.swift */,
			);
			path = Network;
			sourceTree = "<group>";
		};
		3517873129036CF300979C91 /* Constants */ = {
			isa = PBXGroup;
			children = (
				3517873229036D1600979C91 /* NConstants.swift */,
			);
			path = Constants;
			sourceTree = "<group>";
		};
		351787362903766D00979C91 /* Extensions */ = {
			isa = PBXGroup;
			children = (
				351787372903769600979C91 /* UIViewController + Extension.swift */,
			);
			path = Extensions;
			sourceTree = "<group>";
		};
		358F4B562904046B006EA743 /* Model */ = {
			isa = PBXGroup;
			children = (
			);
			path = Model;
			sourceTree = "<group>";
		};
		358F4B5729040472006EA743 /* ViewModel */ = {
			isa = PBXGroup;
			children = (
				358F4B5B290405BE006EA743 /* ProductDetailsViewModel.swift */,
			);
			path = ViewModel;
			sourceTree = "<group>";
		};
		358F4B5829040481006EA743 /* View */ = {
			isa = PBXGroup;
			children = (
				358F4B59290405A6006EA743 /* ProductDetailsView.swift */,
			);
			path = View;
			sourceTree = "<group>";
		};
		8EB5CCAC27988A0700396097 = {
			isa = PBXGroup;
			children = (
				8EB5CCB727988A0700396097 /* AssessmentApp */,
				8EB5CCD127988A0900396097 /* AssessmentAppTests */,
				8EB5CCDB27988A0900396097 /* AssessmentAppUITests */,
				8EB5CCB627988A0700396097 /* Products */,
				22C34D7F2B7472A74EC3DEFF /* Pods */,
				2C2F3AAA52CA1F18F0E78B34 /* Frameworks */,
			);
			sourceTree = "<group>";
		};
		8EB5CCB627988A0700396097 /* Products */ = {
			isa = PBXGroup;
			children = (
				8EB5CCB527988A0700396097 /* AssessmentApp.app */,
				8EB5CCCE27988A0900396097 /* AssessmentAppTests.xctest */,
				8EB5CCD827988A0900396097 /* AssessmentAppUITests.xctest */,
			);
			name = Products;
			sourceTree = "<group>";
		};
		8EB5CCB727988A0700396097 /* AssessmentApp */ = {
			isa = PBXGroup;
			children = (
				3517872D29036C2300979C91 /* Helpers */,
				3517871A29035B4200979C91 /* Products */,
				3517871B29035B4F00979C91 /* ProductDetails */,
				8EB5CCF827988DB800396097 /* AppDelegate */,
				8EB5CCEE27988A8100396097 /* Models */,
				8EB5CCEB27988A5900396097 /* DemoData */,
				8EB5CCF927988DEA00396097 /* DetailController */,
				8EB5CCF527988D9C00396097 /* MainController */,
				8EB5CCC427988A0900396097 /* Assets.xcassets */,
				8EB5CCC627988A0900396097 /* LaunchScreen.storyboard */,
				8EB5CCC927988A0900396097 /* Info.plist */,
				8EB5CCC127988A0700396097 /* AssessmentApp.xcdatamodeld */,
			);
			path = AssessmentApp;
			sourceTree = "<group>";
		};
		8EB5CCD127988A0900396097 /* AssessmentAppTests */ = {
			isa = PBXGroup;
			children = (
				8EB5CCD227988A0900396097 /* AssessmentAppTests.swift */,
			);
			path = AssessmentAppTests;
			sourceTree = "<group>";
		};
		8EB5CCDB27988A0900396097 /* AssessmentAppUITests */ = {
			isa = PBXGroup;
			children = (
				8EB5CCDC27988A0900396097 /* AssessmentAppUITests.swift */,
				8EB5CCDE27988A0900396097 /* AssessmentAppUITestsLaunchTests.swift */,
			);
			path = AssessmentAppUITests;
			sourceTree = "<group>";
		};
		8EB5CCEB27988A5900396097 /* DemoData */ = {
			isa = PBXGroup;
			children = (
				8EB5CCEC27988A6000396097 /* NetworkServiceMock.swift */,
				8EB5CCF327988AE100396097 /* DemoData.swift */,
			);
			path = DemoData;
			sourceTree = "<group>";
		};
		8EB5CCEE27988A8100396097 /* Models */ = {
			isa = PBXGroup;
			children = (
				8EB5CCEF27988A8100396097 /* ShoppingBasket.swift */,
				8EB5CCF027988A8100396097 /* Product.swift */,
			);
			path = Models;
			sourceTree = "<group>";
		};
		8EB5CCF527988D9C00396097 /* MainController */ = {
			isa = PBXGroup;
			children = (
				8EB5CCF627988DB000396097 /* MainController.swift */,
			);
			path = MainController;
			sourceTree = "<group>";
		};
		8EB5CCF827988DB800396097 /* AppDelegate */ = {
			isa = PBXGroup;
			children = (
				8EB5CCB827988A0700396097 /* AppDelegate.swift */,
				8EB5CCBA27988A0700396097 /* SceneDelegate.swift */,
			);
			path = AppDelegate;
			sourceTree = "<group>";
		};
		8EB5CCF927988DEA00396097 /* DetailController */ = {
			isa = PBXGroup;
			children = (
				8EB5CCFA27988DF400396097 /* DetailController.swift */,
			);
			path = DetailController;
			sourceTree = "<group>";
		};
/* End PBXGroup section */

/* Begin PBXNativeTarget section */
		8EB5CCB427988A0700396097 /* AssessmentApp */ = {
			isa = PBXNativeTarget;
			buildConfigurationList = 8EB5CCE227988A0900396097 /* Build configuration list for PBXNativeTarget "AssessmentApp" */;
			buildPhases = (
				FA36DD1CD854299F52816F2C /* [CP] Check Pods Manifest.lock */,
				8EB5CCB127988A0700396097 /* Sources */,
				8EB5CCB227988A0700396097 /* Frameworks */,
				8EB5CCB327988A0700396097 /* Resources */,
				712EE54A56B42F84C27B75E5 /* [CP] Embed Pods Frameworks */,
			);
			buildRules = (
			);
			dependencies = (
			);
			name = AssessmentApp;
			productName = AssessmentApp;
			productReference = 8EB5CCB527988A0700396097 /* AssessmentApp.app */;
			productType = "com.apple.product-type.application";
		};
		8EB5CCCD27988A0900396097 /* AssessmentAppTests */ = {
			isa = PBXNativeTarget;
			buildConfigurationList = 8EB5CCE527988A0900396097 /* Build configuration list for PBXNativeTarget "AssessmentAppTests" */;
			buildPhases = (
				D515F0C2E53AA487527E2E00 /* [CP] Check Pods Manifest.lock */,
				8EB5CCCA27988A0900396097 /* Sources */,
				8EB5CCCB27988A0900396097 /* Frameworks */,
				8EB5CCCC27988A0900396097 /* Resources */,
			);
			buildRules = (
			);
			dependencies = (
				8EB5CCD027988A0900396097 /* PBXTargetDependency */,
			);
			name = AssessmentAppTests;
			productName = AssessmentAppTests;
			productReference = 8EB5CCCE27988A0900396097 /* AssessmentAppTests.xctest */;
			productType = "com.apple.product-type.bundle.unit-test";
		};
		8EB5CCD727988A0900396097 /* AssessmentAppUITests */ = {
			isa = PBXNativeTarget;
			buildConfigurationList = 8EB5CCE827988A0900396097 /* Build configuration list for PBXNativeTarget "AssessmentAppUITests" */;
			buildPhases = (
				947B1722BE6F2707901E60B6 /* [CP] Check Pods Manifest.lock */,
				8EB5CCD427988A0900396097 /* Sources */,
				8EB5CCD527988A0900396097 /* Frameworks */,
				8EB5CCD627988A0900396097 /* Resources */,
				64666B5C59A26683398710ED /* [CP] Embed Pods Frameworks */,
			);
			buildRules = (
			);
			dependencies = (
				8EB5CCDA27988A0900396097 /* PBXTargetDependency */,
			);
			name = AssessmentAppUITests;
			productName = AssessmentAppUITests;
			productReference = 8EB5CCD827988A0900396097 /* AssessmentAppUITests.xctest */;
			productType = "com.apple.product-type.bundle.ui-testing";
		};
/* End PBXNativeTarget section */

/* Begin PBXProject section */
		8EB5CCAD27988A0700396097 /* Project object */ = {
			isa = PBXProject;
			attributes = {
				BuildIndependentTargetsInParallel = 1;
				LastSwiftUpdateCheck = 1310;
				LastUpgradeCheck = 1310;
				TargetAttributes = {
					8EB5CCB427988A0700396097 = {
						CreatedOnToolsVersion = 13.1;
					};
					8EB5CCCD27988A0900396097 = {
						CreatedOnToolsVersion = 13.1;
						TestTargetID = 8EB5CCB427988A0700396097;
					};
					8EB5CCD727988A0900396097 = {
						CreatedOnToolsVersion = 13.1;
						TestTargetID = 8EB5CCB427988A0700396097;
					};
				};
			};
			buildConfigurationList = 8EB5CCB027988A0700396097 /* Build configuration list for PBXProject "AssessmentApp" */;
			compatibilityVersion = "Xcode 13.0";
			developmentRegion = en;
			hasScannedForEncodings = 0;
			knownRegions = (
				en,
				Base,
			);
			mainGroup = 8EB5CCAC27988A0700396097;
			productRefGroup = 8EB5CCB627988A0700396097 /* Products */;
			projectDirPath = "";
			projectRoot = "";
			targets = (
				8EB5CCB427988A0700396097 /* AssessmentApp */,
				8EB5CCCD27988A0900396097 /* AssessmentAppTests */,
				8EB5CCD727988A0900396097 /* AssessmentAppUITests */,
			);
		};
/* End PBXProject section */

/* Begin PBXResourcesBuildPhase section */
		8EB5CCB327988A0700396097 /* Resources */ = {
			isa = PBXResourcesBuildPhase;
			buildActionMask = 2147483647;
			files = (
				8EB5CCC827988A0900396097 /* LaunchScreen.storyboard in Resources */,
				8EB5CCC527988A0900396097 /* Assets.xcassets in Resources */,
				3517872829035D2C00979C91 /* ProductsTableViewCell.xib in Resources */,
				3517872429035CC300979C91 /* Products.storyboard in Resources */,
			);
			runOnlyForDeploymentPostprocessing = 0;
		};
		8EB5CCCC27988A0900396097 /* Resources */ = {
			isa = PBXResourcesBuildPhase;
			buildActionMask = 2147483647;
			files = (
			);
			runOnlyForDeploymentPostprocessing = 0;
		};
		8EB5CCD627988A0900396097 /* Resources */ = {
			isa = PBXResourcesBuildPhase;
			buildActionMask = 2147483647;
			files = (
			);
			runOnlyForDeploymentPostprocessing = 0;
		};
/* End PBXResourcesBuildPhase section */

/* Begin PBXShellScriptBuildPhase section */
		64666B5C59A26683398710ED /* [CP] Embed Pods Frameworks */ = {
			isa = PBXShellScriptBuildPhase;
			buildActionMask = 2147483647;
			files = (
			);
			inputFileListPaths = (
				"${PODS_ROOT}/Target Support Files/Pods-AssessmentApp-AssessmentAppUITests/Pods-AssessmentApp-AssessmentAppUITests-frameworks-${CONFIGURATION}-input-files.xcfilelist",
			);
			name = "[CP] Embed Pods Frameworks";
			outputFileListPaths = (
				"${PODS_ROOT}/Target Support Files/Pods-AssessmentApp-AssessmentAppUITests/Pods-AssessmentApp-AssessmentAppUITests-frameworks-${CONFIGURATION}-output-files.xcfilelist",
			);
			runOnlyForDeploymentPostprocessing = 0;
			shellPath = /bin/sh;
			shellScript = "\"${PODS_ROOT}/Target Support Files/Pods-AssessmentApp-AssessmentAppUITests/Pods-AssessmentApp-AssessmentAppUITests-frameworks.sh\"\n";
			showEnvVarsInLog = 0;
		};
		712EE54A56B42F84C27B75E5 /* [CP] Embed Pods Frameworks */ = {
			isa = PBXShellScriptBuildPhase;
			buildActionMask = 2147483647;
			files = (
			);
			inputFileListPaths = (
				"${PODS_ROOT}/Target Support Files/Pods-AssessmentApp/Pods-AssessmentApp-frameworks-${CONFIGURATION}-input-files.xcfilelist",
			);
			name = "[CP] Embed Pods Frameworks";
			outputFileListPaths = (
				"${PODS_ROOT}/Target Support Files/Pods-AssessmentApp/Pods-AssessmentApp-frameworks-${CONFIGURATION}-output-files.xcfilelist",
			);
			runOnlyForDeploymentPostprocessing = 0;
			shellPath = /bin/sh;
			shellScript = "\"${PODS_ROOT}/Target Support Files/Pods-AssessmentApp/Pods-AssessmentApp-frameworks.sh\"\n";
			showEnvVarsInLog = 0;
		};
		947B1722BE6F2707901E60B6 /* [CP] Check Pods Manifest.lock */ = {
			isa = PBXShellScriptBuildPhase;
			buildActionMask = 2147483647;
			files = (
			);
			inputFileListPaths = (
			);
			inputPaths = (
				"${PODS_PODFILE_DIR_PATH}/Podfile.lock",
				"${PODS_ROOT}/Manifest.lock",
			);
			name = "[CP] Check Pods Manifest.lock";
			outputFileListPaths = (
			);
			outputPaths = (
				"$(DERIVED_FILE_DIR)/Pods-AssessmentApp-AssessmentAppUITests-checkManifestLockResult.txt",
			);
			runOnlyForDeploymentPostprocessing = 0;
			shellPath = /bin/sh;
			shellScript = "diff \"${PODS_PODFILE_DIR_PATH}/Podfile.lock\" \"${PODS_ROOT}/Manifest.lock\" > /dev/null\nif [ $? != 0 ] ; then\n    # print error to STDERR\n    echo \"error: The sandbox is not in sync with the Podfile.lock. Run 'pod install' or update your CocoaPods installation.\" >&2\n    exit 1\nfi\n# This output is used by Xcode 'outputs' to avoid re-running this script phase.\necho \"SUCCESS\" > \"${SCRIPT_OUTPUT_FILE_0}\"\n";
			showEnvVarsInLog = 0;
		};
		D515F0C2E53AA487527E2E00 /* [CP] Check Pods Manifest.lock */ = {
			isa = PBXShellScriptBuildPhase;
			buildActionMask = 2147483647;
			files = (
			);
			inputFileListPaths = (
			);
			inputPaths = (
				"${PODS_PODFILE_DIR_PATH}/Podfile.lock",
				"${PODS_ROOT}/Manifest.lock",
			);
			name = "[CP] Check Pods Manifest.lock";
			outputFileListPaths = (
			);
			outputPaths = (
				"$(DERIVED_FILE_DIR)/Pods-AssessmentAppTests-checkManifestLockResult.txt",
			);
			runOnlyForDeploymentPostprocessing = 0;
			shellPath = /bin/sh;
			shellScript = "diff \"${PODS_PODFILE_DIR_PATH}/Podfile.lock\" \"${PODS_ROOT}/Manifest.lock\" > /dev/null\nif [ $? != 0 ] ; then\n    # print error to STDERR\n    echo \"error: The sandbox is not in sync with the Podfile.lock. Run 'pod install' or update your CocoaPods installation.\" >&2\n    exit 1\nfi\n# This output is used by Xcode 'outputs' to avoid re-running this script phase.\necho \"SUCCESS\" > \"${SCRIPT_OUTPUT_FILE_0}\"\n";
			showEnvVarsInLog = 0;
		};
		FA36DD1CD854299F52816F2C /* [CP] Check Pods Manifest.lock */ = {
			isa = PBXShellScriptBuildPhase;
			buildActionMask = 2147483647;
			files = (
			);
			inputFileListPaths = (
			);
			inputPaths = (
				"${PODS_PODFILE_DIR_PATH}/Podfile.lock",
				"${PODS_ROOT}/Manifest.lock",
			);
			name = "[CP] Check Pods Manifest.lock";
			outputFileListPaths = (
			);
			outputPaths = (
				"$(DERIVED_FILE_DIR)/Pods-AssessmentApp-checkManifestLockResult.txt",
			);
			runOnlyForDeploymentPostprocessing = 0;
			shellPath = /bin/sh;
			shellScript = "diff \"${PODS_PODFILE_DIR_PATH}/Podfile.lock\" \"${PODS_ROOT}/Manifest.lock\" > /dev/null\nif [ $? != 0 ] ; then\n    # print error to STDERR\n    echo \"error: The sandbox is not in sync with the Podfile.lock. Run 'pod install' or update your CocoaPods installation.\" >&2\n    exit 1\nfi\n# This output is used by Xcode 'outputs' to avoid re-running this script phase.\necho \"SUCCESS\" > \"${SCRIPT_OUTPUT_FILE_0}\"\n";
			showEnvVarsInLog = 0;
		};
/* End PBXShellScriptBuildPhase section */

/* Begin PBXSourcesBuildPhase section */
		8EB5CCB127988A0700396097 /* Sources */ = {
			isa = PBXSourcesBuildPhase;
			buildActionMask = 2147483647;
			files = (
				8EB5CCF427988AE100396097 /* DemoData.swift in Sources */,
				8EB5CCED27988A6000396097 /* NetworkServiceMock.swift in Sources */,
				8EB5CCF127988A8100396097 /* ShoppingBasket.swift in Sources */,
				3517873329036D1600979C91 /* NConstants.swift in Sources */,
				358F4B5C290405BE006EA743 /* ProductDetailsViewModel.swift in Sources */,
				8EB5CCF727988DB000396097 /* MainController.swift in Sources */,
				351787352903709F00979C91 /* BaseErrorModel.swift in Sources */,
				3517872229035C8F00979C91 /* ProductsView.swift in Sources */,
				35F84233290426B300A6FAFA /* NetworkStatus.swift in Sources */,
				8EB5CCC327988A0700396097 /* AssessmentApp.xcdatamodeld in Sources */,
				3517872A29035D5B00979C91 /* ProductsViewModel.swift in Sources */,
				8EB5CCB927988A0700396097 /* AppDelegate.swift in Sources */,
				3517873029036C5C00979C91 /* APIService.swift in Sources */,
				8EB5CCBB27988A0700396097 /* SceneDelegate.swift in Sources */,
				3517872729035D2C00979C91 /* ProductsTableViewCell.swift in Sources */,
				8EB5CCFB27988DF400396097 /* DetailController.swift in Sources */,
				351787382903769600979C91 /* UIViewController + Extension.swift in Sources */,
				3517872C29035D8700979C91 /* ProductsModel.swift in Sources */,
				8EB5CCF227988A8100396097 /* Product.swift in Sources */,
				358F4B5A290405A6006EA743 /* ProductDetailsView.swift in Sources */,
			);
			runOnlyForDeploymentPostprocessing = 0;
		};
		8EB5CCCA27988A0900396097 /* Sources */ = {
			isa = PBXSourcesBuildPhase;
			buildActionMask = 2147483647;
			files = (
				8EB5CCD327988A0900396097 /* AssessmentAppTests.swift in Sources */,
			);
			runOnlyForDeploymentPostprocessing = 0;
		};
		8EB5CCD427988A0900396097 /* Sources */ = {
			isa = PBXSourcesBuildPhase;
			buildActionMask = 2147483647;
			files = (
				8EB5CCDF27988A0900396097 /* AssessmentAppUITestsLaunchTests.swift in Sources */,
				8EB5CCDD27988A0900396097 /* AssessmentAppUITests.swift in Sources */,
			);
			runOnlyForDeploymentPostprocessing = 0;
		};
/* End PBXSourcesBuildPhase section */

/* Begin PBXTargetDependency section */
		8EB5CCD027988A0900396097 /* PBXTargetDependency */ = {
			isa = PBXTargetDependency;
			target = 8EB5CCB427988A0700396097 /* AssessmentApp */;
			targetProxy = 8EB5CCCF27988A0900396097 /* PBXContainerItemProxy */;
		};
		8EB5CCDA27988A0900396097 /* PBXTargetDependency */ = {
			isa = PBXTargetDependency;
			target = 8EB5CCB427988A0700396097 /* AssessmentApp */;
			targetProxy = 8EB5CCD927988A0900396097 /* PBXContainerItemProxy */;
		};
/* End PBXTargetDependency section */

/* Begin PBXVariantGroup section */
		8EB5CCC627988A0900396097 /* LaunchScreen.storyboard */ = {
			isa = PBXVariantGroup;
			children = (
				8EB5CCC727988A0900396097 /* Base */,
			);
			name = LaunchScreen.storyboard;
			sourceTree = "<group>";
		};
/* End PBXVariantGroup section */

/* Begin XCBuildConfiguration section */
		8EB5CCE027988A0900396097 /* Debug */ = {
			isa = XCBuildConfiguration;
			buildSettings = {
				ALWAYS_SEARCH_USER_PATHS = NO;
				CLANG_ANALYZER_NONNULL = YES;
				CLANG_ANALYZER_NUMBER_OBJECT_CONVERSION = YES_AGGRESSIVE;
				CLANG_CXX_LANGUAGE_STANDARD = "gnu++17";
				CLANG_CXX_LIBRARY = "libc++";
				CLANG_ENABLE_MODULES = YES;
				CLANG_ENABLE_OBJC_ARC = YES;
				CLANG_ENABLE_OBJC_WEAK = YES;
				CLANG_WARN_BLOCK_CAPTURE_AUTORELEASING = YES;
				CLANG_WARN_BOOL_CONVERSION = YES;
				CLANG_WARN_COMMA = YES;
				CLANG_WARN_CONSTANT_CONVERSION = YES;
				CLANG_WARN_DEPRECATED_OBJC_IMPLEMENTATIONS = YES;
				CLANG_WARN_DIRECT_OBJC_ISA_USAGE = YES_ERROR;
				CLANG_WARN_DOCUMENTATION_COMMENTS = YES;
				CLANG_WARN_EMPTY_BODY = YES;
				CLANG_WARN_ENUM_CONVERSION = YES;
				CLANG_WARN_INFINITE_RECURSION = YES;
				CLANG_WARN_INT_CONVERSION = YES;
				CLANG_WARN_NON_LITERAL_NULL_CONVERSION = YES;
				CLANG_WARN_OBJC_IMPLICIT_RETAIN_SELF = YES;
				CLANG_WARN_OBJC_LITERAL_CONVERSION = YES;
				CLANG_WARN_OBJC_ROOT_CLASS = YES_ERROR;
				CLANG_WARN_QUOTED_INCLUDE_IN_FRAMEWORK_HEADER = YES;
				CLANG_WARN_RANGE_LOOP_ANALYSIS = YES;
				CLANG_WARN_STRICT_PROTOTYPES = YES;
				CLANG_WARN_SUSPICIOUS_MOVE = YES;
				CLANG_WARN_UNGUARDED_AVAILABILITY = YES_AGGRESSIVE;
				CLANG_WARN_UNREACHABLE_CODE = YES;
				CLANG_WARN__DUPLICATE_METHOD_MATCH = YES;
				COPY_PHASE_STRIP = NO;
				DEBUG_INFORMATION_FORMAT = dwarf;
				ENABLE_STRICT_OBJC_MSGSEND = YES;
				ENABLE_TESTABILITY = YES;
				GCC_C_LANGUAGE_STANDARD = gnu11;
				GCC_DYNAMIC_NO_PIC = NO;
				GCC_NO_COMMON_BLOCKS = YES;
				GCC_OPTIMIZATION_LEVEL = 0;
				GCC_PREPROCESSOR_DEFINITIONS = (
					"DEBUG=1",
					"$(inherited)",
				);
				GCC_WARN_64_TO_32_BIT_CONVERSION = YES;
				GCC_WARN_ABOUT_RETURN_TYPE = YES_ERROR;
				GCC_WARN_UNDECLARED_SELECTOR = YES;
				GCC_WARN_UNINITIALIZED_AUTOS = YES_AGGRESSIVE;
				GCC_WARN_UNUSED_FUNCTION = YES;
				GCC_WARN_UNUSED_VARIABLE = YES;
				IPHONEOS_DEPLOYMENT_TARGET = 15.0;
				MTL_ENABLE_DEBUG_INFO = INCLUDE_SOURCE;
				MTL_FAST_MATH = YES;
				ONLY_ACTIVE_ARCH = YES;
				SDKROOT = iphoneos;
				SWIFT_ACTIVE_COMPILATION_CONDITIONS = DEBUG;
				SWIFT_OPTIMIZATION_LEVEL = "-Onone";
			};
			name = Debug;
		};
		8EB5CCE127988A0900396097 /* Release */ = {
			isa = XCBuildConfiguration;
			buildSettings = {
				ALWAYS_SEARCH_USER_PATHS = NO;
				CLANG_ANALYZER_NONNULL = YES;
				CLANG_ANALYZER_NUMBER_OBJECT_CONVERSION = YES_AGGRESSIVE;
				CLANG_CXX_LANGUAGE_STANDARD = "gnu++17";
				CLANG_CXX_LIBRARY = "libc++";
				CLANG_ENABLE_MODULES = YES;
				CLANG_ENABLE_OBJC_ARC = YES;
				CLANG_ENABLE_OBJC_WEAK = YES;
				CLANG_WARN_BLOCK_CAPTURE_AUTORELEASING = YES;
				CLANG_WARN_BOOL_CONVERSION = YES;
				CLANG_WARN_COMMA = YES;
				CLANG_WARN_CONSTANT_CONVERSION = YES;
				CLANG_WARN_DEPRECATED_OBJC_IMPLEMENTATIONS = YES;
				CLANG_WARN_DIRECT_OBJC_ISA_USAGE = YES_ERROR;
				CLANG_WARN_DOCUMENTATION_COMMENTS = YES;
				CLANG_WARN_EMPTY_BODY = YES;
				CLANG_WARN_ENUM_CONVERSION = YES;
				CLANG_WARN_INFINITE_RECURSION = YES;
				CLANG_WARN_INT_CONVERSION = YES;
				CLANG_WARN_NON_LITERAL_NULL_CONVERSION = YES;
				CLANG_WARN_OBJC_IMPLICIT_RETAIN_SELF = YES;
				CLANG_WARN_OBJC_LITERAL_CONVERSION = YES;
				CLANG_WARN_OBJC_ROOT_CLASS = YES_ERROR;
				CLANG_WARN_QUOTED_INCLUDE_IN_FRAMEWORK_HEADER = YES;
				CLANG_WARN_RANGE_LOOP_ANALYSIS = YES;
				CLANG_WARN_STRICT_PROTOTYPES = YES;
				CLANG_WARN_SUSPICIOUS_MOVE = YES;
				CLANG_WARN_UNGUARDED_AVAILABILITY = YES_AGGRESSIVE;
				CLANG_WARN_UNREACHABLE_CODE = YES;
				CLANG_WARN__DUPLICATE_METHOD_MATCH = YES;
				COPY_PHASE_STRIP = NO;
				DEBUG_INFORMATION_FORMAT = "dwarf-with-dsym";
				ENABLE_NS_ASSERTIONS = NO;
				ENABLE_STRICT_OBJC_MSGSEND = YES;
				GCC_C_LANGUAGE_STANDARD = gnu11;
				GCC_NO_COMMON_BLOCKS = YES;
				GCC_WARN_64_TO_32_BIT_CONVERSION = YES;
				GCC_WARN_ABOUT_RETURN_TYPE = YES_ERROR;
				GCC_WARN_UNDECLARED_SELECTOR = YES;
				GCC_WARN_UNINITIALIZED_AUTOS = YES_AGGRESSIVE;
				GCC_WARN_UNUSED_FUNCTION = YES;
				GCC_WARN_UNUSED_VARIABLE = YES;
				IPHONEOS_DEPLOYMENT_TARGET = 15.0;
				MTL_ENABLE_DEBUG_INFO = NO;
				MTL_FAST_MATH = YES;
				SDKROOT = iphoneos;
				SWIFT_COMPILATION_MODE = wholemodule;
				SWIFT_OPTIMIZATION_LEVEL = "-O";
				VALIDATE_PRODUCT = YES;
			};
			name = Release;
		};
		8EB5CCE327988A0900396097 /* Debug */ = {
			isa = XCBuildConfiguration;
			baseConfigurationReference = 330B0E3D7B33EFC5ECBE4BE9 /* Pods-AssessmentApp.debug.xcconfig */;
			buildSettings = {
				ASSETCATALOG_COMPILER_APPICON_NAME = AppIcon;
				ASSETCATALOG_COMPILER_GLOBAL_ACCENT_COLOR_NAME = AccentColor;
				CODE_SIGN_STYLE = Automatic;
				CURRENT_PROJECT_VERSION = 1;
				DEVELOPMENT_TEAM = AR6F6E85MV;
				GENERATE_INFOPLIST_FILE = YES;
				INFOPLIST_FILE = AssessmentApp/Info.plist;
				INFOPLIST_KEY_UIApplicationSupportsIndirectInputEvents = YES;
				INFOPLIST_KEY_UILaunchStoryboardName = LaunchScreen;
				INFOPLIST_KEY_UIMainStoryboardFile = Products;
				INFOPLIST_KEY_UISupportedInterfaceOrientations_iPad = "UIInterfaceOrientationPortrait UIInterfaceOrientationPortraitUpsideDown UIInterfaceOrientationLandscapeLeft UIInterfaceOrientationLandscapeRight";
				INFOPLIST_KEY_UISupportedInterfaceOrientations_iPhone = "UIInterfaceOrientationPortrait UIInterfaceOrientationLandscapeLeft UIInterfaceOrientationLandscapeRight";
				LD_RUNPATH_SEARCH_PATHS = (
					"$(inherited)",
					"@executable_path/Frameworks",
				);
				MARKETING_VERSION = 1.0;
				PRODUCT_BUNDLE_IDENTIFIER = com.Abra.ios.AssessmentApp;
				PRODUCT_NAME = "$(TARGET_NAME)";
				SWIFT_EMIT_LOC_STRINGS = YES;
				SWIFT_VERSION = 5.0;
				TARGETED_DEVICE_FAMILY = "1,2";
			};
			name = Debug;
		};
		8EB5CCE427988A0900396097 /* Release */ = {
			isa = XCBuildConfiguration;
			baseConfigurationReference = 52363F1678D3B98E66EA4D4D /* Pods-AssessmentApp.release.xcconfig */;
			buildSettings = {
				ASSETCATALOG_COMPILER_APPICON_NAME = AppIcon;
				ASSETCATALOG_COMPILER_GLOBAL_ACCENT_COLOR_NAME = AccentColor;
				CODE_SIGN_STYLE = Automatic;
				CURRENT_PROJECT_VERSION = 1;
				DEVELOPMENT_TEAM = AR6F6E85MV;
				GENERATE_INFOPLIST_FILE = YES;
				INFOPLIST_FILE = AssessmentApp/Info.plist;
				INFOPLIST_KEY_UIApplicationSupportsIndirectInputEvents = YES;
				INFOPLIST_KEY_UILaunchStoryboardName = LaunchScreen;
				INFOPLIST_KEY_UIMainStoryboardFile = Products;
				INFOPLIST_KEY_UISupportedInterfaceOrientations_iPad = "UIInterfaceOrientationPortrait UIInterfaceOrientationPortraitUpsideDown UIInterfaceOrientationLandscapeLeft UIInterfaceOrientationLandscapeRight";
				INFOPLIST_KEY_UISupportedInterfaceOrientations_iPhone = "UIInterfaceOrientationPortrait UIInterfaceOrientationLandscapeLeft UIInterfaceOrientationLandscapeRight";
				LD_RUNPATH_SEARCH_PATHS = (
					"$(inherited)",
					"@executable_path/Frameworks",
				);
				MARKETING_VERSION = 1.0;
				PRODUCT_BUNDLE_IDENTIFIER = com.Abra.ios.AssessmentApp;
				PRODUCT_NAME = "$(TARGET_NAME)";
				SWIFT_EMIT_LOC_STRINGS = YES;
				SWIFT_VERSION = 5.0;
				TARGETED_DEVICE_FAMILY = "1,2";
			};
			name = Release;
		};
		8EB5CCE627988A0900396097 /* Debug */ = {
			isa = XCBuildConfiguration;
			baseConfigurationReference = F80290DB2E63CFDB421EA484 /* Pods-AssessmentAppTests.debug.xcconfig */;
			buildSettings = {
				ALWAYS_EMBED_SWIFT_STANDARD_LIBRARIES = YES;
				BUNDLE_LOADER = "$(TEST_HOST)";
				CODE_SIGN_STYLE = Automatic;
				CURRENT_PROJECT_VERSION = 1;
				DEVELOPMENT_TEAM = AR6F6E85MV;
				GENERATE_INFOPLIST_FILE = YES;
				IPHONEOS_DEPLOYMENT_TARGET = 15.0;
				LD_RUNPATH_SEARCH_PATHS = (
					"$(inherited)",
					"@executable_path/Frameworks",
					"@loader_path/Frameworks",
				);
				MARKETING_VERSION = 1.0;
				PRODUCT_BUNDLE_IDENTIFIER = com.Abra.ios.AssessmentAppTests;
				PRODUCT_NAME = "$(TARGET_NAME)";
				SWIFT_EMIT_LOC_STRINGS = NO;
				SWIFT_VERSION = 5.0;
				TARGETED_DEVICE_FAMILY = "1,2";
				TEST_HOST = "$(BUILT_PRODUCTS_DIR)/AssessmentApp.app/AssessmentApp";
			};
			name = Debug;
		};
		8EB5CCE727988A0900396097 /* Release */ = {
			isa = XCBuildConfiguration;
			baseConfigurationReference = F8B3EFEC8C2B5F60BBC35A46 /* Pods-AssessmentAppTests.release.xcconfig */;
			buildSettings = {
				ALWAYS_EMBED_SWIFT_STANDARD_LIBRARIES = YES;
				BUNDLE_LOADER = "$(TEST_HOST)";
				CODE_SIGN_STYLE = Automatic;
				CURRENT_PROJECT_VERSION = 1;
				DEVELOPMENT_TEAM = AR6F6E85MV;
				GENERATE_INFOPLIST_FILE = YES;
				IPHONEOS_DEPLOYMENT_TARGET = 15.0;
				LD_RUNPATH_SEARCH_PATHS = (
					"$(inherited)",
					"@executable_path/Frameworks",
					"@loader_path/Frameworks",
				);
				MARKETING_VERSION = 1.0;
				PRODUCT_BUNDLE_IDENTIFIER = com.Abra.ios.AssessmentAppTests;
				PRODUCT_NAME = "$(TARGET_NAME)";
				SWIFT_EMIT_LOC_STRINGS = NO;
				SWIFT_VERSION = 5.0;
				TARGETED_DEVICE_FAMILY = "1,2";
				TEST_HOST = "$(BUILT_PRODUCTS_DIR)/AssessmentApp.app/AssessmentApp";
			};
			name = Release;
		};
		8EB5CCE927988A0900396097 /* Debug */ = {
			isa = XCBuildConfiguration;
			baseConfigurationReference = 21724A7E5C95B6F5C3649D31 /* Pods-AssessmentApp-AssessmentAppUITests.debug.xcconfig */;
			buildSettings = {
				ALWAYS_EMBED_SWIFT_STANDARD_LIBRARIES = YES;
				CODE_SIGN_STYLE = Automatic;
				CURRENT_PROJECT_VERSION = 1;
				DEVELOPMENT_TEAM = AR6F6E85MV;
				GENERATE_INFOPLIST_FILE = YES;
				LD_RUNPATH_SEARCH_PATHS = (
					"$(inherited)",
					"@executable_path/Frameworks",
					"@loader_path/Frameworks",
				);
				MARKETING_VERSION = 1.0;
				PRODUCT_BUNDLE_IDENTIFIER = com.Abra.ios.AssessmentAppUITests;
				PRODUCT_NAME = "$(TARGET_NAME)";
				SWIFT_EMIT_LOC_STRINGS = NO;
				SWIFT_VERSION = 5.0;
				TARGETED_DEVICE_FAMILY = "1,2";
				TEST_TARGET_NAME = AssessmentApp;
			};
			name = Debug;
		};
		8EB5CCEA27988A0900396097 /* Release */ = {
			isa = XCBuildConfiguration;
			baseConfigurationReference = CBEA6051600537607C46FE5D /* Pods-AssessmentApp-AssessmentAppUITests.release.xcconfig */;
			buildSettings = {
				ALWAYS_EMBED_SWIFT_STANDARD_LIBRARIES = YES;
				CODE_SIGN_STYLE = Automatic;
				CURRENT_PROJECT_VERSION = 1;
				DEVELOPMENT_TEAM = AR6F6E85MV;
				GENERATE_INFOPLIST_FILE = YES;
				LD_RUNPATH_SEARCH_PATHS = (
					"$(inherited)",
					"@executable_path/Frameworks",
					"@loader_path/Frameworks",
				);
				MARKETING_VERSION = 1.0;
				PRODUCT_BUNDLE_IDENTIFIER = com.Abra.ios.AssessmentAppUITests;
				PRODUCT_NAME = "$(TARGET_NAME)";
				SWIFT_EMIT_LOC_STRINGS = NO;
				SWIFT_VERSION = 5.0;
				TARGETED_DEVICE_FAMILY = "1,2";
				TEST_TARGET_NAME = AssessmentApp;
			};
			name = Release;
		};
/* End XCBuildConfiguration section */

/* Begin XCConfigurationList section */
		8EB5CCB027988A0700396097 /* Build configuration list for PBXProject "AssessmentApp" */ = {
			isa = XCConfigurationList;
			buildConfigurations = (
				8EB5CCE027988A0900396097 /* Debug */,
				8EB5CCE127988A0900396097 /* Release */,
			);
			defaultConfigurationIsVisible = 0;
			defaultConfigurationName = Release;
		};
		8EB5CCE227988A0900396097 /* Build configuration list for PBXNativeTarget "AssessmentApp" */ = {
			isa = XCConfigurationList;
			buildConfigurations = (
				8EB5CCE327988A0900396097 /* Debug */,
				8EB5CCE427988A0900396097 /* Release */,
			);
			defaultConfigurationIsVisible = 0;
			defaultConfigurationName = Release;
		};
		8EB5CCE527988A0900396097 /* Build configuration list for PBXNativeTarget "AssessmentAppTests" */ = {
			isa = XCConfigurationList;
			buildConfigurations = (
				8EB5CCE627988A0900396097 /* Debug */,
				8EB5CCE727988A0900396097 /* Release */,
			);
			defaultConfigurationIsVisible = 0;
			defaultConfigurationName = Release;
		};
		8EB5CCE827988A0900396097 /* Build configuration list for PBXNativeTarget "AssessmentAppUITests" */ = {
			isa = XCConfigurationList;
			buildConfigurations = (
				8EB5CCE927988A0900396097 /* Debug */,
				8EB5CCEA27988A0900396097 /* Release */,
			);
			defaultConfigurationIsVisible = 0;
			defaultConfigurationName = Release;
		};
/* End XCConfigurationList section */

/* Begin XCVersionGroup section */
		8EB5CCC127988A0700396097 /* AssessmentApp.xcdatamodeld */ = {
			isa = XCVersionGroup;
			children = (
				8EB5CCC227988A0700396097 /* AssessmentApp.xcdatamodel */,
			);
			currentVersion = 8EB5CCC227988A0700396097 /* AssessmentApp.xcdatamodel */;
			path = AssessmentApp.xcdatamodeld;
			sourceTree = "<group>";
			versionGroupType = wrapper.xcdatamodel;
		};
/* End XCVersionGroup section */
	};
	rootObject = 8EB5CCAD27988A0700396097 /* Project object */;
}
